
Microsoft Visual Studio Solution File, Format Version 12.00
# Visual Studio Version 17
VisualStudioVersion = 17.6.33829.357
MinimumVisualStudioVersion = 10.0.40219.1
Project("{FAE04EC0-301F-11D3-BF4B-00C04F79EFBC}") = "StudentCRUD", "StudentCRUD.csproj", "{970E0CD0-A02E-44DF-800E-9044B1C2B819}"
EndProject
Global
	GlobalSection(SolutionConfigurationPlatforms) = preSolution
		Debug|Any CPU = Debug|Any CPU
		Release|Any CPU = Release|Any CPU
	EndGlobalSection
	GlobalSection(ProjectConfigurationPlatforms) = postSolution
		{970E0CD0-A02E-44DF-800E-9044B1C2B819}.Debug|Any CPU.ActiveCfg = Debug|Any CPU
		{970E0CD0-A02E-44DF-800E-9044B1C2B819}.Debug|Any CPU.Build.0 = Debug|Any CPU
		{970E0CD0-A02E-44DF-800E-9044B1C2B819}.Release|Any CPU.ActiveCfg = Release|Any CPU
		{970E0CD0-A02E-44DF-800E-9044B1C2B819}.Release|Any CPU.Build.0 = Release|Any CPU
	EndGlobalSection
	GlobalSection(SolutionProperties) = preSolution
		HideSolutionNode = FALSE
	EndGlobalSection
	GlobalSection(ExtensibilityGlobals) = postSolution
		SolutionGuid = {743B3893-462C-4F5C-9B77-F50F284B8291}
	EndGlobalSection
EndGlobal
